PODS:
  - Flutter (1.0.0)
  - flutter_video_cache (0.0.1):
    - Flutter
  - flutter_video_info (1.1.0):
    - Flutter
  - flutter_vlc_player (3.0.3):
    - Flutter
    - MobileVLCKit (~> 3.6.0b9)
  - integration_test (0.0.1):
    - Flutter
  - MobileVLCKit (3.6.0b10)
  - path_provider_foundation (0.0.1):
    - Flutter
    - FlutterMacOS
  - sqflite (0.0.3):
    - Flutter
    - FlutterMacOS

DEPENDENCIES:
  - Flutter (from `Flutter`)
  - flutter_video_cache (from `.symlinks/plugins/flutter_video_cache/ios`)
  - flutter_video_info (from `.symlinks/plugins/flutter_video_info/ios`)
  - flutter_vlc_player (from `.symlinks/plugins/flutter_vlc_player/ios`)
  - integration_test (from `.symlinks/plugins/integration_test/ios`)
  - path_provider_foundation (from `.symlinks/plugins/path_provider_foundation/darwin`)
  - sqflite (from `.symlinks/plugins/sqflite/darwin`)

SPEC REPOS:
  trunk:
    - MobileVLCKit

EXTERNAL SOURCES:
  Flutter:
    :path: Flutter
  flutter_video_cache:
    :path: ".symlinks/plugins/flutter_video_cache/ios"
  flutter_video_info:
    :path: ".symlinks/plugins/flutter_video_info/ios"
  flutter_vlc_player:
    :path: ".symlinks/plugins/flutter_vlc_player/ios"
  integration_test:
    :path: ".symlinks/plugins/integration_test/ios"
  path_provider_foundation:
    :path: ".symlinks/plugins/path_provider_foundation/darwin"
  sqflite:
    :path: ".symlinks/plugins/sqflite/darwin"

SPEC CHECKSUMS:
  Flutter: f04841e97a9d0b0a8025694d0796dd46242b2854
  flutter_video_cache: 7fd5c7e1037a132658b9a97579e1956d0ccbc54c
  flutter_video_info: a932e1b0da369bba95c3a14b7f61d5f8b0d03280
  flutter_vlc_player: 2e318881576450ff081eb023d47c289f2c6681eb
  integration_test: 13825b8a9334a850581300559b8839134b124670
  MobileVLCKit: 5600003cf2dc47acf7ad2fd87fe9f3739b2475ed
  path_provider_foundation: 3784922295ac71e43754bd15e0653ccfd36a147c
  sqflite: 673a0e54cc04b7d6dba8d24fb8095b31c3a99eec

PODFILE CHECKSUM: a57f30d18f102dd3ce366b1d62a55ecbef2158e5

COCOAPODS: 1.14.0
